
Microsoft Visual Studio Solution File, Format Version 12.00
# Visual Studio 15
VisualStudioVersion = 15.0.27130.2024
MinimumVisualStudioVersion = 10.0.40219.1
Project("{FAE04EC0-301F-11D3-BF4B-00C04F79EFBC}") = "HaasToolTemplate", "HaasToolTemplate\HaasToolTemplate.csproj", "{05E2F45B-370C-40C2-A2A9-9C0996F87482}"
EndProject
Global
	GlobalSection(SolutionConfigurationPlatforms) = preSolution
		Debug|Any CPU = Debug|Any CPU
		Release|Any CPU = Release|Any CPU
	EndGlobalSection
	GlobalSection(ProjectConfigurationPlatforms) = postSolution
		{05E2F45B-370C-40C2-A2A9-9C0996F87482}.Debug|Any CPU.ActiveCfg = Debug|Any CPU
		{05E2F45B-370C-40C2-A2A9-9C0996F87482}.Debug|Any CPU.Build.0 = Debug|Any CPU
		{05E2F45B-370C-40C2-A2A9-9C0996F87482}.Release|Any CPU.ActiveCfg = Release|Any CPU
		{05E2F45B-370C-40C2-A2A9-9C0996F87482}.Release|Any CPU.Build.0 = Release|Any CPU
	EndGlobalSection
	GlobalSection(SolutionProperties) = preSolution
		HideSolutionNode = FALSE
	EndGlobalSection
	GlobalSection(ExtensibilityGlobals) = postSolution
		SolutionGuid = {B23BC7F7-6A39-4C99-A0E5-AE83C77FB274}
	EndGlobalSection
EndGlobal
